
Microsoft Visual Studio Solution File, Format Version 12.00
# Visual Studio Version 17
VisualStudioVersion = 17.0.31903.59
MinimumVisualStudioVersion = 10.0.40219.1
Project("{9A19103F-16F7-4668-BE54-9A1E7A4F7556}") = "EdgeDevice", "EdgeDevice\EdgeDevice.csproj", "{A5B1E8A1-0C34-429B-BEE2-AE2564DC8997}"
EndProject
Project("{9A19103F-16F7-4668-BE54-9A1E7A4F7556}") = "EdgeDevice.Tests", "EdgeDevice.Tests\EdgeDevice.Tests.csproj", "{9BDF3847-448B-45C8-B811-957C6E407BDC}"
EndProject
Project("{2150E333-8FDC-42A3-9474-1A3956D46DE8}") = "Solution Items", "Solution Items", "{FD2CA6DF-FB38-4B18-B762-D580898909CE}"
	ProjectSection(SolutionItems) = preProject
		..\.editorconfig = ..\.editorconfig
		..\.gitignore = ..\.gitignore
		..\README.md = ..\README.md
	EndProjectSection
EndProject
Project("{2150E333-8FDC-42A3-9474-1A3956D46DE8}") = "docker", "docker", "{584AB15B-DF22-49C2-AC07-9A32FC10E39B}"
	ProjectSection(SolutionItems) = preProject
		docker\.env = docker\.env
		docker\docker-compose.yaml = docker\docker-compose.yaml
		docker\EdgeDevice.dockerfile = docker\EdgeDevice.dockerfile
	EndProjectSection
EndProject
Project("{2150E333-8FDC-42A3-9474-1A3956D46DE8}") = ".github", ".github", "{E86DC96B-0834-4530-93C8-5929E315C8FB}"
EndProject
Project("{2150E333-8FDC-42A3-9474-1A3956D46DE8}") = "workflows", "workflows", "{5CD34623-E855-4C48-A9A6-240061016117}"
	ProjectSection(SolutionItems) = preProject
		..\.github\workflows\deploy.yaml = ..\.github\workflows\deploy.yaml
	EndProjectSection
EndProject
Global
	GlobalSection(SolutionConfigurationPlatforms) = preSolution
		Debug|Any CPU = Debug|Any CPU
		Release|Any CPU = Release|Any CPU
	EndGlobalSection
	GlobalSection(ProjectConfigurationPlatforms) = postSolution
		{A5B1E8A1-0C34-429B-BEE2-AE2564DC8997}.Debug|Any CPU.ActiveCfg = Debug|Any CPU
		{A5B1E8A1-0C34-429B-BEE2-AE2564DC8997}.Debug|Any CPU.Build.0 = Debug|Any CPU
		{A5B1E8A1-0C34-429B-BEE2-AE2564DC8997}.Release|Any CPU.ActiveCfg = Release|Any CPU
		{A5B1E8A1-0C34-429B-BEE2-AE2564DC8997}.Release|Any CPU.Build.0 = Release|Any CPU
		{9BDF3847-448B-45C8-B811-957C6E407BDC}.Debug|Any CPU.ActiveCfg = Debug|Any CPU
		{9BDF3847-448B-45C8-B811-957C6E407BDC}.Debug|Any CPU.Build.0 = Debug|Any CPU
		{9BDF3847-448B-45C8-B811-957C6E407BDC}.Release|Any CPU.ActiveCfg = Release|Any CPU
		{9BDF3847-448B-45C8-B811-957C6E407BDC}.Release|Any CPU.Build.0 = Release|Any CPU
	EndGlobalSection
	GlobalSection(SolutionProperties) = preSolution
		HideSolutionNode = FALSE
	EndGlobalSection
	GlobalSection(NestedProjects) = preSolution
		{5CD34623-E855-4C48-A9A6-240061016117} = {E86DC96B-0834-4530-93C8-5929E315C8FB}
	EndGlobalSection
	GlobalSection(ExtensibilityGlobals) = postSolution
		SolutionGuid = {D5D0F546-8649-41D7-B0D4-06C6DAFD280F}
	EndGlobalSection
EndGlobal
